github.com/brianvoe/gofakeit v1.2.0 h1:GGbzCqQx9ync4ObAUhRa3F/M73eL9VZL3X09WoTwphM=
github.com/brianvoe/gofakeit v3.18.0+incompatible h1:wDOmHc9DLG4nRjUVVaxA+CEglKOW72Y5+4WNxUIkjM8=
github.com/brianvoe/gofakeit/v5 v5.11.1 h1:PxJu5+or2fM+MqEwLsKc7GmWzRXNHDzvbo4Xvj0J1o4=
github.com/brianvoe/gofakeit/v5 v5.11.1/go.mod h1:/ZENnKqX+XrN8SORLe/fu5lZDIo1tuPncWuRD+eyhSI=
github.com/gorilla/mux v1.8.0 h1:i40aqfkR1h2SlN9hojwV5ZA91wcXFOvkdNIeFDP5koI=
github.com/gorilla/mux v1.8.0/go.mod h1:DVbg23sWSpFRCP0SfiEN6jmj59UnW/n46BH5rLB71So=
github.com/satori/go.uuid v1.2.0 h1:0uYX9dsZ2yD7q2RtLRtPSdGDWzjeM3TbMJP9utgA0ww=
github.com/satori/go.uuid v1.2.0/go.mod h1:dA0hQrYB0VpLJoorglMZABFdXlWrHn1NEOzdhQKdks0=
github.com/satori/go.uuid v1.2.1-0.20181028125025-b2ce2384e17b h1:gQZ0qzfKHQIybLANtM3mBXNUtOfsCFXeTsnBqCsx1KM=
github.com/satori/go.uuid v1.2.1-0.20181028125025-b2ce2384e17b/go.mod h1:dA0hQrYB0VpLJoorglMZABFdXlWrHn1NEOzdhQKdks0=
